// !$*UTF8*$!
{
	archiveVersion = 1;
	classes = {
	};
	objectVersion = 48;
	objects = {

/* Begin PBXBuildFile section */
		0972742A20197DEE005BE977 /* AppDelegate.swift in Sources */ = {isa = PBXBuildFile; fileRef = 0972742920197DEE005BE977 /* AppDelegate.swift */; };
		0972742C20197DEE005BE977 /* ViewController.swift in Sources */ = {isa = PBXBuildFile; fileRef = 0972742B20197DEE005BE977 /* ViewController.swift */; };
		0972742F20197DEE005BE977 /* Main.storyboard in Resources */ = {isa = PBXBuildFile; fileRef = 0972742D20197DEE005BE977 /* Main.storyboard */; };
		0972743120197DEE005BE977 /* Assets.xcassets in Resources */ = {isa = PBXBuildFile; fileRef = 0972743020197DEE005BE977 /* Assets.xcassets */; };
		0972743420197DEE005BE977 /* LaunchScreen.storyboard in Resources */ = {isa = PBXBuildFile; fileRef = 0972743220197DEE005BE977 /* LaunchScreen.storyboard */; };
		0972743F20197DEE005BE977 /* AboveAndBelowScorerTests.swift in Sources */ = {isa = PBXBuildFile; fileRef = 0972743E20197DEE005BE977 /* AboveAndBelowScorerTests.swift */; };
		0972744A20197DEE005BE977 /* AboveAndBelowScorerUITests.swift in Sources */ = {isa = PBXBuildFile; fileRef = 0972744920197DEE005BE977 /* AboveAndBelowScorerUITests.swift */; };
/* End PBXBuildFile section */

/* Begin PBXContainerItemProxy section */
		0972743B20197DEE005BE977 /* PBXContainerItemProxy */ = {
			isa = PBXContainerItemProxy;
			containerPortal = 0972741E20197DEE005BE977 /* Project object */;
			proxyType = 1;
			remoteGlobalIDString = 0972742520197DEE005BE977;
			remoteInfo = AboveAndBelowScorer;
		};
		0972744620197DEE005BE977 /* PBXContainerItemProxy */ = {
			isa = PBXContainerItemProxy;
			containerPortal = 0972741E20197DEE005BE977 /* Project object */;
			proxyType = 1;
			remoteGlobalIDString = 0972742520197DEE005BE977;
			remoteInfo = AboveAndBelowScorer;
		};
/* End PBXContainerItemProxy section */

/* Begin PBXFileReference section */
		0972742620197DEE005BE977 /* AboveAndBelowScorer.app */ = {isa = PBXFileReference; explicitFileType = wrapper.application; includeInIndex = 0; path = AboveAndBelowScorer.app; sourceTree = BUILT_PRODUCTS_DIR; };
		0972742920197DEE005BE977 /* AppDelegate.swift */ = {isa = PBXFileReference; lastKnownFileType = sourcecode.swift; path = AppDelegate.swift; sourceTree = "<group>"; };
		0972742B20197DEE005BE977 /* ViewController.swift */ = {isa = PBXFileReference; lastKnownFileType = sourcecode.swift; path = ViewController.swift; sourceTree = "<group>"; };
		0972742E20197DEE005BE977 /* Base */ = {isa = PBXFileReference; lastKnownFileType = file.storyboard; name = Base; path = Base.lproj/Main.storyboard; sourceTree = "<group>"; };
		0972743020197DEE005BE977 /* Assets.xcassets */ = {isa = PBXFileReference; lastKnownFileType = folder.assetcatalog; path = Assets.xcassets; sourceTree = "<group>"; };
		0972743320197DEE005BE977 /* Base */ = {isa = PBXFileReference; lastKnownFileType = file.storyboard; name = Base; path = Base.lproj/LaunchScreen.storyboard; sourceTree = "<group>"; };
		0972743520197DEE005BE977 /* Info.plist */ = {isa = PBXFileReference; lastKnownFileType = text.plist.xml; path = Info.plist; sourceTree = "<group>"; };
		0972743A20197DEE005BE977 /* AboveAndBelowScorerTests.xctest */ = {isa = PBXFileReference; explicitFileType = wrapper.cfbundle; includeInIndex = 0; path = AboveAndBelowScorerTests.xctest; sourceTree = BUILT_PRODUCTS_DIR; };
		0972743E20197DEE005BE977 /* AboveAndBelowScorerTests.swift */ = {isa = PBXFileReference; lastKnownFileType = sourcecode.swift; path = AboveAndBelowScorerTests.swift; sourceTree = "<group>"; };
		0972744020197DEE005BE977 /* Info.plist */ = {isa = PBXFileReference; lastKnownFileType = text.plist.xml; path = Info.plist; sourceTree = "<group>"; };
		0972744520197DEE005BE977 /* AboveAndBelowScorerUITests.xctest */ = {isa = PBXFileReference; explicitFileType = wrapper.cfbundle; includeInIndex = 0; path = AboveAndBelowScorerUITests.xctest; sourceTree = BUILT_PRODUCTS_DIR; };
		0972744920197DEE005BE977 /* AboveAndBelowScorerUITests.swift */ = {isa = PBXFileReference; lastKnownFileType = sourcecode.swift; path = AboveAndBelowScorerUITests.swift; sourceTree = "<group>"; };
		0972744B20197DEE005BE977 /* Info.plist */ = {isa = PBXFileReference; lastKnownFileType = text.plist.xml; path = Info.plist; sourceTree = "<group>"; };
/* End PBXFileReference section */

/* Begin PBXFrameworksBuildPhase section */
		0972742320197DEE005BE977 /* Frameworks */ = {
			isa = PBXFrameworksBuildPhase;
			buildActionMask = 2147483647;
			files = (
			);
			runOnlyForDeploymentPostprocessing = 0;
		};
		0972743720197DEE005BE977 /* Frameworks */ = {
			isa = PBXFrameworksBuildPhase;
			buildActionMask = 2147483647;
			files = (
			);
			runOnlyForDeploymentPostprocessing = 0;
		};
		0972744220197DEE005BE977 /* Frameworks */ = {
			isa = PBXFrameworksBuildPhase;
			buildActionMask = 2147483647;
			files = (
			);
			runOnlyForDeploymentPostprocessing = 0;
		};
/* End PBXFrameworksBuildPhase section */

/* Begin PBXGroup section */
		0972741D20197DEE005BE977 = {
			isa = PBXGroup;
			children = (
				0972742820197DEE005BE977 /* AboveAndBelowScorer */,
				0972743D20197DEE005BE977 /* AboveAndBelowScorerTests */,
				0972744820197DEE005BE977 /* AboveAndBelowScorerUITests */,
				0972742720197DEE005BE977 /* Products */,
			);
			sourceTree = "<group>";
		};
		0972742720197DEE005BE977 /* Products */ = {
			isa = PBXGroup;
			children = (
				0972742620197DEE005BE977 /* AboveAndBelowScorer.app */,
				0972743A20197DEE005BE977 /* AboveAndBelowScorerTests.xctest */,
				0972744520197DEE005BE977 /* AboveAndBelowScorerUITests.xctest */,
			);
			name = Products;
			sourceTree = "<group>";
		};
		0972742820197DEE005BE977 /* AboveAndBelowScorer */ = {
			isa = PBXGroup;
			children = (
				0972742920197DEE005BE977 /* AppDelegate.swift */,
				0972742B20197DEE005BE977 /* ViewController.swift */,
				0972742D20197DEE005BE977 /* Main.storyboard */,
				0972743020197DEE005BE977 /* Assets.xcassets */,
				0972743220197DEE005BE977 /* LaunchScreen.storyboard */,
				0972743520197DEE005BE977 /* Info.plist */,
			);
			path = AboveAndBelowScorer;
			sourceTree = "<group>";
		};
		0972743D20197DEE005BE977 /* AboveAndBelowScorerTests */ = {
			isa = PBXGroup;
			children = (
				0972743E20197DEE005BE977 /* AboveAndBelowScorerTests.swift */,
				0972744020197DEE005BE977 /* Info.plist */,
			);
			path = AboveAndBelowScorerTests;
			sourceTree = "<group>";
		};
		0972744820197DEE005BE977 /* AboveAndBelowScorerUITests */ = {
			isa = PBXGroup;
			children = (
				0972744920197DEE005BE977 /* AboveAndBelowScorerUITests.swift */,
				0972744B20197DEE005BE977 /* Info.plist */,
			);
			path = AboveAndBelowScorerUITests;
			sourceTree = "<group>";
		};
/* End PBXGroup section */

/* Begin PBXNativeTarget section */
		0972742520197DEE005BE977 /* AboveAndBelowScorer */ = {
			isa = PBXNativeTarget;
			buildConfigurationList = 0972744E20197DEE005BE977 /* Build configuration list for PBXNativeTarget "AboveAndBelowScorer" */;
			buildPhases = (
				0972742220197DEE005BE977 /* Sources */,
				0972742320197DEE005BE977 /* Frameworks */,
				0972742420197DEE005BE977 /* Resources */,
			);
			buildRules = (
			);
			dependencies = (
			);
			name = AboveAndBelowScorer;
			productName = AboveAndBelowScorer;
			productReference = 0972742620197DEE005BE977 /* AboveAndBelowScorer.app */;
			productType = "com.apple.product-type.application";
		};
		0972743920197DEE005BE977 /* AboveAndBelowScorerTests */ = {
			isa = PBXNativeTarget;
			buildConfigurationList = 0972745120197DEE005BE977 /* Build configuration list for PBXNativeTarget "AboveAndBelowScorerTests" */;
			buildPhases = (
				0972743620197DEE005BE977 /* Sources */,
				0972743720197DEE005BE977 /* Frameworks */,
				0972743820197DEE005BE977 /* Resources */,
			);
			buildRules = (
			);
			dependencies = (
				0972743C20197DEE005BE977 /* PBXTargetDependency */,
			);
			name = AboveAndBelowScorerTests;
			productName = AboveAndBelowScorerTests;
			productReference = 0972743A20197DEE005BE977 /* AboveAndBelowScorerTests.xctest */;
			productType = "com.apple.product-type.bundle.unit-test";
		};
		0972744420197DEE005BE977 /* AboveAndBelowScorerUITests */ = {
			isa = PBXNativeTarget;
			buildConfigurationList = 0972745420197DEE005BE977 /* Build configuration list for PBXNativeTarget "AboveAndBelowScorerUITests" */;
			buildPhases = (
				0972744120197DEE005BE977 /* Sources */,
				0972744220197DEE005BE977 /* Frameworks */,
				0972744320197DEE005BE977 /* Resources */,
			);
			buildRules = (
			);
			dependencies = (
				0972744720197DEE005BE977 /* PBXTargetDependency */,
			);
			name = AboveAndBelowScorerUITests;
			productName = AboveAndBelowScorerUITests;
			productReference = 0972744520197DEE005BE977 /* AboveAndBelowScorerUITests.xctest */;
			productType = "com.apple.product-type.bundle.ui-testing";
		};
/* End PBXNativeTarget section */

/* Begin PBXProject section */
		0972741E20197DEE005BE977 /* Project object */ = {
			isa = PBXProject;
			attributes = {
				LastSwiftUpdateCheck = 0920;
				LastUpgradeCheck = 0920;
				ORGANIZATIONNAME = "David Henkemeyer";
				TargetAttributes = {
					0972742520197DEE005BE977 = {
						CreatedOnToolsVersion = 9.2;
						ProvisioningStyle = Automatic;
					};
					0972743920197DEE005BE977 = {
						CreatedOnToolsVersion = 9.2;
						ProvisioningStyle = Automatic;
						TestTargetID = 0972742520197DEE005BE977;
					};
					0972744420197DEE005BE977 = {
						CreatedOnToolsVersion = 9.2;
						ProvisioningStyle = Automatic;
						TestTargetID = 0972742520197DEE005BE977;
					};
				};
			};
			buildConfigurationList = 0972742120197DEE005BE977 /* Build configuration list for PBXProject "AboveAndBelowScorer" */;
			compatibilityVersion = "Xcode 8.0";
			developmentRegion = en;
			hasScannedForEncodings = 0;
			knownRegions = (
				en,
				Base,
			);
			mainGroup = 0972741D20197DEE005BE977;
			productRefGroup = 0972742720197DEE005BE977 /* Products */;
			projectDirPath = "";
			projectRoot = "";
			targets = (
				0972742520197DEE005BE977 /* AboveAndBelowScorer */,
				0972743920197DEE005BE977 /* AboveAndBelowScorerTests */,
				0972744420197DEE005BE977 /* AboveAndBelowScorerUITests */,
			);
		};
/* End PBXProject section */

/* Begin PBXResourcesBuildPhase section */
		0972742420197DEE005BE977 /* Resources */ = {
			isa = PBXResourcesBuildPhase;
			buildActionMask = 2147483647;
			files = (
				0972743420197DEE005BE977 /* LaunchScreen.storyboard in Resources */,
				0972743120197DEE005BE977 /* Assets.xcassets in Resources */,
				0972742F20197DEE005BE977 /* Main.storyboard in Resources */,
			);
			runOnlyForDeploymentPostprocessing = 0;
		};
		0972743820197DEE005BE977 /* Resources */ = {
			isa = PBXResourcesBuildPhase;
			buildActionMask = 2147483647;
			files = (
			);
			runOnlyForDeploymentPostprocessing = 0;
		};
		0972744320197DEE005BE977 /* Resources */ = {
			isa = PBXResourcesBuildPhase;
			buildActionMask = 2147483647;
			files = (
			);
			runOnlyForDeploymentPostprocessing = 0;
		};
/* End PBXResourcesBuildPhase section */

/* Begin PBXSourcesBuildPhase section */
		0972742220197DEE005BE977 /* Sources */ = {
			isa = PBXSourcesBuildPhase;
			buildActionMask = 2147483647;
			files = (
				0972742C20197DEE005BE977 /* ViewController.swift in Sources */,
				0972742A20197DEE005BE977 /* AppDelegate.swift in Sources */,
			);
			runOnlyForDeploymentPostprocessing = 0;
		};
		0972743620197DEE005BE977 /* Sources */ = {
			isa = PBXSourcesBuildPhase;
			buildActionMask = 2147483647;
			files = (
				0972743F20197DEE005BE977 /* AboveAndBelowScorerTests.swift in Sources */,
			);
			runOnlyForDeploymentPostprocessing = 0;
		};
		0972744120197DEE005BE977 /* Sources */ = {
			isa = PBXSourcesBuildPhase;
			buildActionMask = 2147483647;
			files = (
				0972744A20197DEE005BE977 /* AboveAndBelowScorerUITests.swift in Sources */,
			);
			runOnlyForDeploymentPostprocessing = 0;
		};
/* End PBXSourcesBuildPhase section */

/* Begin PBXTargetDependency section */
		0972743C20197DEE005BE977 /* PBXTargetDependency */ = {
			isa = PBXTargetDependency;
			target = 0972742520197DEE005BE977 /* AboveAndBelowScorer */;
			targetProxy = 0972743B20197DEE005BE977 /* PBXContainerItemProxy */;
		};
		0972744720197DEE005BE977 /* PBXTargetDependency */ = {
			isa = PBXTargetDependency;
			target = 0972742520197DEE005BE977 /* AboveAndBelowScorer */;
			targetProxy = 0972744620197DEE005BE977 /* PBXContainerItemProxy */;
		};
/* End PBXTargetDependency section */

/* Begin PBXVariantGroup section */
		0972742D20197DEE005BE977 /* Main.storyboard */ = {
			isa = PBXVariantGroup;
			children = (
				0972742E20197DEE005BE977 /* Base */,
			);
			name = Main.storyboard;
			sourceTree = "<group>";
		};
		0972743220197DEE005BE977 /* LaunchScreen.storyboard */ = {
			isa = PBXVariantGroup;
			children = (
				0972743320197DEE005BE977 /* Base */,
			);
			name = LaunchScreen.storyboard;
			sourceTree = "<group>";
		};
/* End PBXVariantGroup section */

/* Begin XCBuildConfiguration section */
		0972744C20197DEE005BE977 /* Debug */ = {
			isa = XCBuildConfiguration;
			buildSettings = {
				ALWAYS_SEARCH_USER_PATHS = NO;
				CLANG_ANALYZER_NONNULL = YES;
				CLANG_ANALYZER_NUMBER_OBJECT_CONVERSION = YES_AGGRESSIVE;
				CLANG_CXX_LANGUAGE_STANDARD = "gnu++14";
				CLANG_CXX_LIBRARY = "libc++";
				CLANG_ENABLE_MODULES = YES;
				CLANG_ENABLE_OBJC_ARC = YES;
				CLANG_WARN_BLOCK_CAPTURE_AUTORELEASING = YES;
				CLANG_WARN_BOOL_CONVERSION = YES;
				CLANG_WARN_COMMA = YES;
				CLANG_WARN_CONSTANT_CONVERSION = YES;
				CLANG_WARN_DIRECT_OBJC_ISA_USAGE = YES_ERROR;
				CLANG_WARN_DOCUMENTATION_COMMENTS = YES;
				CLANG_WARN_EMPTY_BODY = YES;
				CLANG_WARN_ENUM_CONVERSION = YES;
				CLANG_WARN_INFINITE_RECURSION = YES;
				CLANG_WARN_INT_CONVERSION = YES;
				CLANG_WARN_NON_LITERAL_NULL_CONVERSION = YES;
				CLANG_WARN_OBJC_LITERAL_CONVERSION = YES;
				CLANG_WARN_OBJC_ROOT_CLASS = YES_ERROR;
				CLANG_WARN_RANGE_LOOP_ANALYSIS = YES;
				CLANG_WARN_STRICT_PROTOTYPES = YES;
				CLANG_WARN_SUSPICIOUS_MOVE = YES;
				CLANG_WARN_UNGUARDED_AVAILABILITY = YES_AGGRESSIVE;
				CLANG_WARN_UNREACHABLE_CODE = YES;
				CLANG_WARN__DUPLICATE_METHOD_MATCH = YES;
				CODE_SIGN_IDENTITY = "iPhone Developer";
				COPY_PHASE_STRIP = NO;
				DEBUG_INFORMATION_FORMAT = dwarf;
				ENABLE_STRICT_OBJC_MSGSEND = YES;
				ENABLE_TESTABILITY = YES;
				GCC_C_LANGUAGE_STANDARD = gnu11;
				GCC_DYNAMIC_NO_PIC = NO;
				GCC_NO_COMMON_BLOCKS = YES;
				GCC_OPTIMIZATION_LEVEL = 0;
				GCC_PREPROCESSOR_DEFINITIONS = (
					"DEBUG=1",
					"$(inherited)",
				);
				GCC_WARN_64_TO_32_BIT_CONVERSION = YES;
				GCC_WARN_ABOUT_RETURN_TYPE = YES_ERROR;
				GCC_WARN_UNDECLARED_SELECTOR = YES;
				GCC_WARN_UNINITIALIZED_AUTOS = YES_AGGRESSIVE;
				GCC_WARN_UNUSED_FUNCTION = YES;
				GCC_WARN_UNUSED_VARIABLE = YES;
				IPHONEOS_DEPLOYMENT_TARGET = 11.2;
				MTL_ENABLE_DEBUG_INFO = YES;
				ONLY_ACTIVE_ARCH = YES;
				SDKROOT = iphoneos;
				SWIFT_ACTIVE_COMPILATION_CONDITIONS = DEBUG;
				SWIFT_OPTIMIZATION_LEVEL = "-Onone";
			};
			name = Debug;
		};
		0972744D20197DEE005BE977 /* Release */ = {
			isa = XCBuildConfiguration;
			buildSettings = {
				ALWAYS_SEARCH_USER_PATHS = NO;
				CLANG_ANALYZER_NONNULL = YES;
				CLANG_ANALYZER_NUMBER_OBJECT_CONVERSION = YES_AGGRESSIVE;
				CLANG_CXX_LANGUAGE_STANDARD = "gnu++14";
				CLANG_CXX_LIBRARY = "libc++";
				CLANG_ENABLE_MODULES = YES;
				CLANG_ENABLE_OBJC_ARC = YES;
				CLANG_WARN_BLOCK_CAPTURE_AUTORELEASING = YES;
				CLANG_WARN_BOOL_CONVERSION = YES;
				CLANG_WARN_COMMA = YES;
				CLANG_WARN_CONSTANT_CONVERSION = YES;
				CLANG_WARN_DIRECT_OBJC_ISA_USAGE = YES_ERROR;
				CLANG_WARN_DOCUMENTATION_COMMENTS = YES;
				CLANG_WARN_EMPTY_BODY = YES;
				CLANG_WARN_ENUM_CONVERSION = YES;
				CLANG_WARN_INFINITE_RECURSION = YES;
				CLANG_WARN_INT_CONVERSION = YES;
				CLANG_WARN_NON_LITERAL_NULL_CONVERSION = YES;
				CLANG_WARN_OBJC_LITERAL_CONVERSION = YES;
				CLANG_WARN_OBJC_ROOT_CLASS = YES_ERROR;
				CLANG_WARN_RANGE_LOOP_ANALYSIS = YES;
				CLANG_WARN_STRICT_PROTOTYPES = YES;
				CLANG_WARN_SUSPICIOUS_MOVE = YES;
				CLANG_WARN_UNGUARDED_AVAILABILITY = YES_AGGRESSIVE;
				CLANG_WARN_UNREACHABLE_CODE = YES;
				CLANG_WARN__DUPLICATE_METHOD_MATCH = YES;
				CODE_SIGN_IDENTITY = "iPhone Developer";
				COPY_PHASE_STRIP = NO;
				DEBUG_INFORMATION_FORMAT = "dwarf-with-dsym";
				ENABLE_NS_ASSERTIONS = NO;
				ENABLE_STRICT_OBJC_MSGSEND = YES;
				GCC_C_LANGUAGE_STANDARD = gnu11;
				GCC_NO_COMMON_BLOCKS = YES;
				GCC_WARN_64_TO_32_BIT_CONVERSION = YES;
				GCC_WARN_ABOUT_RETURN_TYPE = YES_ERROR;
				GCC_WARN_UNDECLARED_SELECTOR = YES;
				GCC_WARN_UNINITIALIZED_AUTOS = YES_AGGRESSIVE;
				GCC_WARN_UNUSED_FUNCTION = YES;
				GCC_WARN_UNUSED_VARIABLE = YES;
				IPHONEOS_DEPLOYMENT_TARGET = 11.2;
				MTL_ENABLE_DEBUG_INFO = NO;
				SDKROOT = iphoneos;
				SWIFT_OPTIMIZATION_LEVEL = "-Owholemodule";
				VALIDATE_PRODUCT = YES;
			};
			name = Release;
		};
		0972744F20197DEE005BE977 /* Debug */ = {
			isa = XCBuildConfiguration;
			buildSettings = {
				ASSETCATALOG_COMPILER_APPICON_NAME = AppIcon;
				CODE_SIGN_STYLE = Automatic;
				INFOPLIST_FILE = AboveAndBelowScorer/Info.plist;
				LD_RUNPATH_SEARCH_PATHS = "$(inherited) @executable_path/Frameworks";
				PRODUCT_BUNDLE_IDENTIFIER = Henkysoft.AboveAndBelowScorer;
				PRODUCT_NAME = "$(TARGET_NAME)";
				SWIFT_VERSION = 4.0;
				TARGETED_DEVICE_FAMILY = "1,2";
			};
			name = Debug;
		};
		0972745020197DEE005BE977 /* Release */ = {
			isa = XCBuildConfiguration;
			buildSettings = {
				ASSETCATALOG_COMPILER_APPICON_NAME = AppIcon;
				CODE_SIGN_STYLE = Automatic;
				INFOPLIST_FILE = AboveAndBelowScorer/Info.plist;
				LD_RUNPATH_SEARCH_PATHS = "$(inherited) @executable_path/Frameworks";
				PRODUCT_BUNDLE_IDENTIFIER = Henkysoft.AboveAndBelowScorer;
				PRODUCT_NAME = "$(TARGET_NAME)";
				SWIFT_VERSION = 4.0;
				TARGETED_DEVICE_FAMILY = "1,2";
			};
			name = Release;
		};
		0972745220197DEE005BE977 /* Debug */ = {
			isa = XCBuildConfiguration;
			buildSettings = {
				ALWAYS_EMBED_SWIFT_STANDARD_LIBRARIES = YES;
				BUNDLE_LOADER = "$(TEST_HOST)";
				CODE_SIGN_STYLE = Automatic;
				INFOPLIST_FILE = AboveAndBelowScorerTests/Info.plist;
				LD_RUNPATH_SEARCH_PATHS = "$(inherited) @executable_path/Frameworks @loader_path/Frameworks";
				PRODUCT_BUNDLE_IDENTIFIER = Henkysoft.AboveAndBelowScorerTests;
				PRODUCT_NAME = "$(TARGET_NAME)";
				SWIFT_VERSION = 4.0;
				TARGETED_DEVICE_FAMILY = "1,2";
				TEST_HOST = "$(BUILT_PRODUCTS_DIR)/AboveAndBelowScorer.app/AboveAndBelowScorer";
			};
			name = Debug;
		};
		0972745320197DEE005BE977 /* Release */ = {
			isa = XCBuildConfiguration;
			buildSettings = {
				ALWAYS_EMBED_SWIFT_STANDARD_LIBRARIES = YES;
				BUNDLE_LOADER = "$(TEST_HOST)";
				CODE_SIGN_STYLE = Automatic;
				INFOPLIST_FILE = AboveAndBelowScorerTests/Info.plist;
				LD_RUNPATH_SEARCH_PATHS = "$(inherited) @executable_path/Frameworks @loader_path/Frameworks";
				PRODUCT_BUNDLE_IDENTIFIER = Henkysoft.AboveAndBelowScorerTests;
				PRODUCT_NAME = "$(TARGET_NAME)";
				SWIFT_VERSION = 4.0;
				TARGETED_DEVICE_FAMILY = "1,2";
				TEST_HOST = "$(BUILT_PRODUCTS_DIR)/AboveAndBelowScorer.app/AboveAndBelowScorer";
			};
			name = Release;
		};
		0972745520197DEE005BE977 /* Debug */ = {
			isa = XCBuildConfiguration;
			buildSettings = {
				ALWAYS_EMBED_SWIFT_STANDARD_LIBRARIES = YES;
				CODE_SIGN_STYLE = Automatic;
				INFOPLIST_FILE = AboveAndBelowScorerUITests/Info.plist;
				LD_RUNPATH_SEARCH_PATHS = "$(inherited) @executable_path/Frameworks @loader_path/Frameworks";
				PRODUCT_BUNDLE_IDENTIFIER = Henkysoft.AboveAndBelowScorerUITests;
				PRODUCT_NAME = "$(TARGET_NAME)";
				SWIFT_VERSION = 4.0;
				TARGETED_DEVICE_FAMILY = "1,2";
				TEST_TARGET_NAME = AboveAndBelowScorer;
			};
			name = Debug;
		};
		0972745620197DEE005BE977 /* Release */ = {
			isa = XCBuildConfiguration;
			buildSettings = {
				ALWAYS_EMBED_SWIFT_STANDARD_LIBRARIES = YES;
				CODE_SIGN_STYLE = Automatic;
				INFOPLIST_FILE = AboveAndBelowScorerUITests/Info.plist;
				LD_RUNPATH_SEARCH_PATHS = "$(inherited) @executable_path/Frameworks @loader_path/Frameworks";
				PRODUCT_BUNDLE_IDENTIFIER = Henkysoft.AboveAndBelowScorerUITests;
				PRODUCT_NAME = "$(TARGET_NAME)";
				SWIFT_VERSION = 4.0;
				TARGETED_DEVICE_FAMILY = "1,2";
				TEST_TARGET_NAME = AboveAndBelowScorer;
			};
			name = Release;
		};
/* End XCBuildConfiguration section */

/* Begin XCConfigurationList section */
		0972742120197DEE005BE977 /* Build configuration list for PBXProject "AboveAndBelowScorer" */ = {
			isa = XCConfigurationList;
			buildConfigurations = (
				0972744C20197DEE005BE977 /* Debug */,
				0972744D20197DEE005BE977 /* Release */,
			);
			defaultConfigurationIsVisible = 0;
			defaultConfigurationName = Release;
		};
		0972744E20197DEE005BE977 /* Build configuration list for PBXNativeTarget "AboveAndBelowScorer" */ = {
			isa = XCConfigurationList;
			buildConfigurations = (
				0972744F20197DEE005BE977 /* Debug */,
				0972745020197DEE005BE977 /* Release */,
			);
			defaultConfigurationIsVisible = 0;
			defaultConfigurationName = Release;
		};
		0972745120197DEE005BE977 /* Build configuration list for PBXNativeTarget "AboveAndBelowScorerTests" */ = {
			isa = XCConfigurationList;
			buildConfigurations = (
				0972745220197DEE005BE977 /* Debug */,
				0972745320197DEE005BE977 /* Release */,
			);
			defaultConfigurationIsVisible = 0;
			defaultConfigurationName = Release;
		};
		0972745420197DEE005BE977 /* Build configuration list for PBXNativeTarget "AboveAndBelowScorerUITests" */ = {
			isa = XCConfigurationList;
			buildConfigurations = (
				0972745520197DEE005BE977 /* Debug */,
				0972745620197DEE005BE977 /* Release */,
			);
			defaultConfigurationIsVisible = 0;
			defaultConfigurationName = Release;
		};
/* End XCConfigurationList section */
	};
	rootObject = 0972741E20197DEE005BE977 /* Project object */;
}
